
Microsoft Visual Studio Solution File, Format Version 12.00
# Visual Studio Version 17
VisualStudioVersion = 17.14.36511.14 d17.14
MinimumVisualStudioVersion = 10.0.40219.1
Project("{8BC9CEB8-8B4A-11D0-8D11-00A0C91BC942}") = "Recursion", "Recursion.vcxproj", "{E3162027-FFAA-4879-864F-2293AA262BBE}"
EndProject
Global
	GlobalSection(SolutionConfigurationPlatforms) = preSolution
		Debug|x64 = Debug|x64
		Debug|x86 = Debug|x86
		Release|x64 = Release|x64
		Release|x86 = Release|x86
	EndGlobalSection
	GlobalSection(ProjectConfigurationPlatforms) = postSolution
		{E3162027-FFAA-4879-864F-2293AA262BBE}.Debug|x64.ActiveCfg = Debug|x64
		{E3162027-FFAA-4879-864F-2293AA262BBE}.Debug|x64.Build.0 = Debug|x64
		{E3162027-FFAA-4879-864F-2293AA262BBE}.Debug|x86.ActiveCfg = Debug|Win32
		{E3162027-FFAA-4879-864F-2293AA262BBE}.Debug|x86.Build.0 = Debug|Win32
		{E3162027-FFAA-4879-864F-2293AA262BBE}.Release|x64.ActiveCfg = Release|x64
		{E3162027-FFAA-4879-864F-2293AA262BBE}.Release|x64.Build.0 = Release|x64
		{E3162027-FFAA-4879-864F-2293AA262BBE}.Release|x86.ActiveCfg = Release|Win32
		{E3162027-FFAA-4879-864F-2293AA262BBE}.Release|x86.Build.0 = Release|Win32
	EndGlobalSection
	GlobalSection(SolutionProperties) = preSolution
		HideSolutionNode = FALSE
	EndGlobalSection
	GlobalSection(ExtensibilityGlobals) = postSolution
		SolutionGuid = {2C8AB475-0DDA-4CBF-895A-26A7A49793BC}
	EndGlobalSection
EndGlobal
